
Microsoft Visual Studio Solution File, Format Version 12.00
# Visual Studio Version 17
VisualStudioVersion = 17.14.36811.4 d17.14
MinimumVisualStudioVersion = 10.0.40219.1
Project("{FAE04EC0-301F-11D3-BF4B-00C04F79EFBC}") = "_15_NguyenTheNam_MVC_Product_DataFirst", "_15_NguyenTheNam_MVC_Product_DataFirst.csproj", "{9E16DB34-AFE5-4901-8101-9669764D0240}"
EndProject
Global
	GlobalSection(SolutionConfigurationPlatforms) = preSolution
		Debug|Any CPU = Debug|Any CPU
		Release|Any CPU = Release|Any CPU
	EndGlobalSection
	GlobalSection(ProjectConfigurationPlatforms) = postSolution
		{9E16DB34-AFE5-4901-8101-9669764D0240}.Debug|Any CPU.ActiveCfg = Debug|Any CPU
		{9E16DB34-AFE5-4901-8101-9669764D0240}.Debug|Any CPU.Build.0 = Debug|Any CPU
		{9E16DB34-AFE5-4901-8101-9669764D0240}.Release|Any CPU.ActiveCfg = Release|Any CPU
		{9E16DB34-AFE5-4901-8101-9669764D0240}.Release|Any CPU.Build.0 = Release|Any CPU
	EndGlobalSection
	GlobalSection(SolutionProperties) = preSolution
		HideSolutionNode = FALSE
	EndGlobalSection
	GlobalSection(ExtensibilityGlobals) = postSolution
		SolutionGuid = {EDFE5518-387A-413B-829A-B88BB638C8D9}
	EndGlobalSection
EndGlobal
